
Microsoft Visual Studio Solution File, Format Version 12.00
# Visual Studio Version 17
VisualStudioVersion = 17.9.34728.123
MinimumVisualStudioVersion = 10.0.40219.1
Project("{2150E333-8FDC-42A3-9474-1A3956D46DE8}") = "Solution Items", "Solution Items", "{2C3D7DD5-00A3-4A26-BBD8-CE765E778D82}"
	ProjectSection(SolutionItems) = preProject
		.dockerignore = .dockerignore
		.editorconfig = .editorconfig
	EndProjectSection
EndProject
Project("{9A19103F-16F7-4668-BE54-9A1E7A4F7556}") = "iFredApps.Lib", "..\iFredApps.Lib\iFredApps.Lib.csproj", "{573CB89D-3FC6-4766-BBF3-ABB2E37315DA}"
EndProject
Project("{9A19103F-16F7-4668-BE54-9A1E7A4F7556}") = "iFredApps.TimeTracker.UI", "iFredApps.TimeTracker.UI\iFredApps.TimeTracker.UI.csproj", "{D7DAEFB5-A78B-42F8-BA4A-4EB7CF4A3AD8}"
EndProject
Project("{9A19103F-16F7-4668-BE54-9A1E7A4F7556}") = "iFredApps.TimeTracker.SL", "iFredApps.TimeTracker.SL\iFredApps.TimeTracker.SL.csproj", "{1B0DF52D-4D00-43D3-A58F-6C724A3C3F6F}"
EndProject
Project("{9A19103F-16F7-4668-BE54-9A1E7A4F7556}") = "iFredApps.TimeTracker.WebApi", "iFredApps.TimeTracker.WebApi\iFredApps.TimeTracker.WebApi.csproj", "{D5631F79-7AFB-4705-8890-DCEAED8C8125}"
EndProject
Project("{9A19103F-16F7-4668-BE54-9A1E7A4F7556}") = "iFredApps.TimeTracker.DL", "iFredApps.TimeTracker.DL\iFredApps.TimeTracker.DL.csproj", "{FCD97659-F431-4B62-BCB9-70C826A2CED0}"
EndProject
Project("{9A19103F-16F7-4668-BE54-9A1E7A4F7556}") = "iFredApps.TimeTracker.Data", "iFredApps.TimeTracker.Data\iFredApps.TimeTracker.Data.csproj", "{40943C01-9465-42D9-A14D-95E9A1FCDAE1}"
EndProject
Project("{9A19103F-16F7-4668-BE54-9A1E7A4F7556}") = "iFredApps.TimeTracker.Core", "iFredApps.TimeTracker.Core\iFredApps.TimeTracker.Core.csproj", "{05E445B6-0F64-427D-9FF2-879BB3EC9924}"
EndProject
Project("{FAE04EC0-301F-11D3-BF4B-00C04F79EFBC}") = "iFredApps.Lib.WPF", "..\iFredApps.Lib.WPF\iFredApps.Lib.WPF.csproj", "{493EFBE5-8FC4-4485-AAD3-C937E9E492A9}"
EndProject
Project("{FAE04EC0-301F-11D3-BF4B-00C04F79EFBC}") = "iFredApps.TimeTracker.Tests", "iFredApps.TimeTracker.Tests\iFredApps.TimeTracker.Tests.csproj", "{46B9C285-7639-4B10-94DA-CC53967DA675}"
EndProject
Global
	GlobalSection(SolutionConfigurationPlatforms) = preSolution
		Debug|Any CPU = Debug|Any CPU
		Release|Any CPU = Release|Any CPU
	EndGlobalSection
	GlobalSection(ProjectConfigurationPlatforms) = postSolution
		{573CB89D-3FC6-4766-BBF3-ABB2E37315DA}.Debug|Any CPU.ActiveCfg = Debug|Any CPU
		{573CB89D-3FC6-4766-BBF3-ABB2E37315DA}.Debug|Any CPU.Build.0 = Debug|Any CPU
		{573CB89D-3FC6-4766-BBF3-ABB2E37315DA}.Release|Any CPU.ActiveCfg = Release|Any CPU
		{573CB89D-3FC6-4766-BBF3-ABB2E37315DA}.Release|Any CPU.Build.0 = Release|Any CPU
		{D7DAEFB5-A78B-42F8-BA4A-4EB7CF4A3AD8}.Debug|Any CPU.ActiveCfg = Debug|Any CPU
		{D7DAEFB5-A78B-42F8-BA4A-4EB7CF4A3AD8}.Debug|Any CPU.Build.0 = Debug|Any CPU
		{D7DAEFB5-A78B-42F8-BA4A-4EB7CF4A3AD8}.Release|Any CPU.ActiveCfg = Release|Any CPU
		{D7DAEFB5-A78B-42F8-BA4A-4EB7CF4A3AD8}.Release|Any CPU.Build.0 = Release|Any CPU
		{1B0DF52D-4D00-43D3-A58F-6C724A3C3F6F}.Debug|Any CPU.ActiveCfg = Debug|Any CPU
		{1B0DF52D-4D00-43D3-A58F-6C724A3C3F6F}.Debug|Any CPU.Build.0 = Debug|Any CPU
		{1B0DF52D-4D00-43D3-A58F-6C724A3C3F6F}.Release|Any CPU.ActiveCfg = Release|Any CPU
		{1B0DF52D-4D00-43D3-A58F-6C724A3C3F6F}.Release|Any CPU.Build.0 = Release|Any CPU
		{D5631F79-7AFB-4705-8890-DCEAED8C8125}.Debug|Any CPU.ActiveCfg = Debug|Any CPU
		{D5631F79-7AFB-4705-8890-DCEAED8C8125}.Debug|Any CPU.Build.0 = Debug|Any CPU
		{D5631F79-7AFB-4705-8890-DCEAED8C8125}.Release|Any CPU.ActiveCfg = Release|Any CPU
		{D5631F79-7AFB-4705-8890-DCEAED8C8125}.Release|Any CPU.Build.0 = Release|Any CPU
		{FCD97659-F431-4B62-BCB9-70C826A2CED0}.Debug|Any CPU.ActiveCfg = Debug|Any CPU
		{FCD97659-F431-4B62-BCB9-70C826A2CED0}.Debug|Any CPU.Build.0 = Debug|Any CPU
		{FCD97659-F431-4B62-BCB9-70C826A2CED0}.Release|Any CPU.ActiveCfg = Release|Any CPU
		{FCD97659-F431-4B62-BCB9-70C826A2CED0}.Release|Any CPU.Build.0 = Release|Any CPU
		{40943C01-9465-42D9-A14D-95E9A1FCDAE1}.Debug|Any CPU.ActiveCfg = Debug|Any CPU
		{40943C01-9465-42D9-A14D-95E9A1FCDAE1}.Debug|Any CPU.Build.0 = Debug|Any CPU
		{40943C01-9465-42D9-A14D-95E9A1FCDAE1}.Release|Any CPU.ActiveCfg = Release|Any CPU
		{40943C01-9465-42D9-A14D-95E9A1FCDAE1}.Release|Any CPU.Build.0 = Release|Any CPU
		{05E445B6-0F64-427D-9FF2-879BB3EC9924}.Debug|Any CPU.ActiveCfg = Debug|Any CPU
		{05E445B6-0F64-427D-9FF2-879BB3EC9924}.Debug|Any CPU.Build.0 = Debug|Any CPU
		{05E445B6-0F64-427D-9FF2-879BB3EC9924}.Release|Any CPU.ActiveCfg = Release|Any CPU
		{05E445B6-0F64-427D-9FF2-879BB3EC9924}.Release|Any CPU.Build.0 = Release|Any CPU
		{493EFBE5-8FC4-4485-AAD3-C937E9E492A9}.Debug|Any CPU.ActiveCfg = Debug|Any CPU
		{493EFBE5-8FC4-4485-AAD3-C937E9E492A9}.Debug|Any CPU.Build.0 = Debug|Any CPU
		{493EFBE5-8FC4-4485-AAD3-C937E9E492A9}.Release|Any CPU.ActiveCfg = Release|Any CPU
		{493EFBE5-8FC4-4485-AAD3-C937E9E492A9}.Release|Any CPU.Build.0 = Release|Any CPU
		{46B9C285-7639-4B10-94DA-CC53967DA675}.Debug|Any CPU.ActiveCfg = Debug|Any CPU
		{46B9C285-7639-4B10-94DA-CC53967DA675}.Debug|Any CPU.Build.0 = Debug|Any CPU
		{46B9C285-7639-4B10-94DA-CC53967DA675}.Release|Any CPU.ActiveCfg = Release|Any CPU
		{46B9C285-7639-4B10-94DA-CC53967DA675}.Release|Any CPU.Build.0 = Release|Any CPU
	EndGlobalSection
	GlobalSection(SolutionProperties) = preSolution
		HideSolutionNode = FALSE
	EndGlobalSection
	GlobalSection(NestedProjects) = preSolution
		{573CB89D-3FC6-4766-BBF3-ABB2E37315DA} = {2C3D7DD5-00A3-4A26-BBD8-CE765E778D82}
		{493EFBE5-8FC4-4485-AAD3-C937E9E492A9} = {2C3D7DD5-00A3-4A26-BBD8-CE765E778D82}
	EndGlobalSection
	GlobalSection(ExtensibilityGlobals) = postSolution
		SolutionGuid = {CFABD38F-82C0-4487-A256-64D6D5668B14}
	EndGlobalSection
EndGlobal
